
Microsoft Visual Studio Solution File, Format Version 12.00
# Visual Studio 15
VisualStudioVersion = 15.0.26730.16
MinimumVisualStudioVersion = 10.0.40219.1
Project("{FAE04EC0-301F-11D3-BF4B-00C04F79EFBC}") = "GuildWebsite", "GuildWebsite\GuildWebsite.csproj", "{9EE64CAE-09F0-4042-A266-E7B6E971ABC3}"
EndProject
Global
	GlobalSection(SolutionConfigurationPlatforms) = preSolution
		Debug|Any CPU = Debug|Any CPU
		Release|Any CPU = Release|Any CPU
	EndGlobalSection
	GlobalSection(ProjectConfigurationPlatforms) = postSolution
		{9EE64CAE-09F0-4042-A266-E7B6E971ABC3}.Debug|Any CPU.ActiveCfg = Debug|Any CPU
		{9EE64CAE-09F0-4042-A266-E7B6E971ABC3}.Debug|Any CPU.Build.0 = Debug|Any CPU
		{9EE64CAE-09F0-4042-A266-E7B6E971ABC3}.Release|Any CPU.ActiveCfg = Release|Any CPU
		{9EE64CAE-09F0-4042-A266-E7B6E971ABC3}.Release|Any CPU.Build.0 = Release|Any CPU
	EndGlobalSection
	GlobalSection(SolutionProperties) = preSolution
		HideSolutionNode = FALSE
	EndGlobalSection
	GlobalSection(ExtensibilityGlobals) = postSolution
		SolutionGuid = {5A6CE8AB-4CFE-4D39-BF39-5A16CF301FE2}
	EndGlobalSection
EndGlobal
